
Microsoft Visual Studio Solution File, Format Version 12.00
# Visual Studio Version 17
VisualStudioVersion = 17.5.002.0
MinimumVisualStudioVersion = 10.0.40219.1
Project("{9A19103F-16F7-4668-BE54-9A1E7A4F7556}") = "APISistemaVenta", "APISistemaVenta.csproj", "{BFD417C6-0897-4162-8CF0-9425B2BA335D}"
EndProject
Global
	GlobalSection(SolutionConfigurationPlatforms) = preSolution
		Debug|Any CPU = Debug|Any CPU
		Release|Any CPU = Release|Any CPU
	EndGlobalSection
	GlobalSection(ProjectConfigurationPlatforms) = postSolution
		{BFD417C6-0897-4162-8CF0-9425B2BA335D}.Debug|Any CPU.ActiveCfg = Debug|Any CPU
		{BFD417C6-0897-4162-8CF0-9425B2BA335D}.Debug|Any CPU.Build.0 = Debug|Any CPU
		{BFD417C6-0897-4162-8CF0-9425B2BA335D}.Release|Any CPU.ActiveCfg = Release|Any CPU
		{BFD417C6-0897-4162-8CF0-9425B2BA335D}.Release|Any CPU.Build.0 = Release|Any CPU
	EndGlobalSection
	GlobalSection(SolutionProperties) = preSolution
		HideSolutionNode = FALSE
	EndGlobalSection
	GlobalSection(ExtensibilityGlobals) = postSolution
		SolutionGuid = {12B98230-0544-474A-9430-0CBB449BB852}
	EndGlobalSection
EndGlobal
